
Microsoft Visual Studio Solution File, Format Version 12.00
# Visual Studio 15
VisualStudioVersion = 15.0.27130.2010
MinimumVisualStudioVersion = 10.0.40219.1
Project("{9A19103F-16F7-4668-BE54-9A1E7A4F7556}") = "EmpApp", "EmpApp.csproj", "{3E90BAFB-B660-412B-BD94-7445D4FBE6B2}"
EndProject
Global
	GlobalSection(SolutionConfigurationPlatforms) = preSolution
		Debug|Any CPU = Debug|Any CPU
		Release|Any CPU = Release|Any CPU
	EndGlobalSection
	GlobalSection(ProjectConfigurationPlatforms) = postSolution
		{3E90BAFB-B660-412B-BD94-7445D4FBE6B2}.Debug|Any CPU.ActiveCfg = Debug|Any CPU
		{3E90BAFB-B660-412B-BD94-7445D4FBE6B2}.Debug|Any CPU.Build.0 = Debug|Any CPU
		{3E90BAFB-B660-412B-BD94-7445D4FBE6B2}.Release|Any CPU.ActiveCfg = Release|Any CPU
		{3E90BAFB-B660-412B-BD94-7445D4FBE6B2}.Release|Any CPU.Build.0 = Release|Any CPU
	EndGlobalSection
	GlobalSection(SolutionProperties) = preSolution
		HideSolutionNode = FALSE
	EndGlobalSection
	GlobalSection(ExtensibilityGlobals) = postSolution
		SolutionGuid = {CECD7482-2D8F-4FDB-88AB-859CA9B9CCEC}
	EndGlobalSection
EndGlobal
